
Microsoft Visual Studio Solution File, Format Version 12.00
# Visual Studio 15
VisualStudioVersion = 15.0.28307.168
MinimumVisualStudioVersion = 10.0.40219.1
Project("{9A19103F-16F7-4668-BE54-9A1E7A4F7556}") = "WingsOn.Domain", "WingsOn.Domain\WingsOn.Domain.csproj", "{5F545996-4008-44BC-A48F-D71233483A08}"
EndProject
Project("{9A19103F-16F7-4668-BE54-9A1E7A4F7556}") = "WingsOn.Dal", "WingsOn.Dal\WingsOn.Dal.csproj", "{4BFAD5C1-D3F4-41EF-889E-7C328F87C9BF}"
EndProject
Project("{9A19103F-16F7-4668-BE54-9A1E7A4F7556}") = "WingsOn.Api", "WingsOn.Api\WingsOn.Api.csproj", "{9B692CD3-7C20-462A-959B-2BE07AC70059}"
EndProject
Project("{9A19103F-16F7-4668-BE54-9A1E7A4F7556}") = "WingsOn.Services", "WingsOn.Services\WingsOn.Services.csproj", "{BD63B91F-EDF1-4E1E-9CC7-CBA860556826}"
EndProject
Project("{9A19103F-16F7-4668-BE54-9A1E7A4F7556}") = "WingsOn.Core", "WingsOn.Core\WingsOn.Core.csproj", "{D9039A33-CEC9-49DB-8CC9-80C23B153495}"
EndProject
Project("{9A19103F-16F7-4668-BE54-9A1E7A4F7556}") = "WingsOn.Services.Tests.Unit", "WingsOn.Services.Tests.Unit\WingsOn.Services.Tests.Unit.csproj", "{FC21E1B2-A6A3-4B5D-A59F-7D9B099EA741}"
EndProject
Project("{FAE04EC0-301F-11D3-BF4B-00C04F79EFBC}") = "WingsOn.Api.Integration.Tests", "WingsOn.Api.Integration.Tests\WingsOn.Api.Integration.Tests.csproj", "{4A5F462B-D02B-46A7-A396-AEB971895C48}"
EndProject
Global
	GlobalSection(SolutionConfigurationPlatforms) = preSolution
		Debug|Any CPU = Debug|Any CPU
		Release|Any CPU = Release|Any CPU
	EndGlobalSection
	GlobalSection(ProjectConfigurationPlatforms) = postSolution
		{5F545996-4008-44BC-A48F-D71233483A08}.Debug|Any CPU.ActiveCfg = Debug|Any CPU
		{5F545996-4008-44BC-A48F-D71233483A08}.Debug|Any CPU.Build.0 = Debug|Any CPU
		{5F545996-4008-44BC-A48F-D71233483A08}.Release|Any CPU.ActiveCfg = Release|Any CPU
		{5F545996-4008-44BC-A48F-D71233483A08}.Release|Any CPU.Build.0 = Release|Any CPU
		{4BFAD5C1-D3F4-41EF-889E-7C328F87C9BF}.Debug|Any CPU.ActiveCfg = Debug|Any CPU
		{4BFAD5C1-D3F4-41EF-889E-7C328F87C9BF}.Debug|Any CPU.Build.0 = Debug|Any CPU
		{4BFAD5C1-D3F4-41EF-889E-7C328F87C9BF}.Release|Any CPU.ActiveCfg = Release|Any CPU
		{4BFAD5C1-D3F4-41EF-889E-7C328F87C9BF}.Release|Any CPU.Build.0 = Release|Any CPU
		{9B692CD3-7C20-462A-959B-2BE07AC70059}.Debug|Any CPU.ActiveCfg = Debug|Any CPU
		{9B692CD3-7C20-462A-959B-2BE07AC70059}.Debug|Any CPU.Build.0 = Debug|Any CPU
		{9B692CD3-7C20-462A-959B-2BE07AC70059}.Release|Any CPU.ActiveCfg = Release|Any CPU
		{9B692CD3-7C20-462A-959B-2BE07AC70059}.Release|Any CPU.Build.0 = Release|Any CPU
		{BD63B91F-EDF1-4E1E-9CC7-CBA860556826}.Debug|Any CPU.ActiveCfg = Debug|Any CPU
		{BD63B91F-EDF1-4E1E-9CC7-CBA860556826}.Debug|Any CPU.Build.0 = Debug|Any CPU
		{BD63B91F-EDF1-4E1E-9CC7-CBA860556826}.Release|Any CPU.ActiveCfg = Release|Any CPU
		{BD63B91F-EDF1-4E1E-9CC7-CBA860556826}.Release|Any CPU.Build.0 = Release|Any CPU
		{D9039A33-CEC9-49DB-8CC9-80C23B153495}.Debug|Any CPU.ActiveCfg = Debug|Any CPU
		{D9039A33-CEC9-49DB-8CC9-80C23B153495}.Debug|Any CPU.Build.0 = Debug|Any CPU
		{D9039A33-CEC9-49DB-8CC9-80C23B153495}.Release|Any CPU.ActiveCfg = Release|Any CPU
		{D9039A33-CEC9-49DB-8CC9-80C23B153495}.Release|Any CPU.Build.0 = Release|Any CPU
		{FC21E1B2-A6A3-4B5D-A59F-7D9B099EA741}.Debug|Any CPU.ActiveCfg = Debug|Any CPU
		{FC21E1B2-A6A3-4B5D-A59F-7D9B099EA741}.Debug|Any CPU.Build.0 = Debug|Any CPU
		{FC21E1B2-A6A3-4B5D-A59F-7D9B099EA741}.Release|Any CPU.ActiveCfg = Release|Any CPU
		{FC21E1B2-A6A3-4B5D-A59F-7D9B099EA741}.Release|Any CPU.Build.0 = Release|Any CPU
		{4A5F462B-D02B-46A7-A396-AEB971895C48}.Debug|Any CPU.ActiveCfg = Debug|Any CPU
		{4A5F462B-D02B-46A7-A396-AEB971895C48}.Debug|Any CPU.Build.0 = Debug|Any CPU
		{4A5F462B-D02B-46A7-A396-AEB971895C48}.Release|Any CPU.ActiveCfg = Release|Any CPU
		{4A5F462B-D02B-46A7-A396-AEB971895C48}.Release|Any CPU.Build.0 = Release|Any CPU
	EndGlobalSection
	GlobalSection(SolutionProperties) = preSolution
		HideSolutionNode = FALSE
	EndGlobalSection
	GlobalSection(ExtensibilityGlobals) = postSolution
		SolutionGuid = {DFB391F3-C731-43D4-AADA-6F095C65F616}
	EndGlobalSection
EndGlobal
